
Microsoft Visual Studio Solution File, Format Version 11.00
# Visual Studio 2010
Project("{FAE04EC0-301F-11D3-BF4B-00C04F79EFBC}") = "Cubo3", "Cubo3.csproj", "{4D997535-C03C-4A11-9786-A9A16E4FCA7F}"
EndProject
Global
	GlobalSection(SolutionConfigurationPlatforms) = preSolution
		Debug|Any CPU = Debug|Any CPU
		Release|Any CPU = Release|Any CPU
	EndGlobalSection
	GlobalSection(ProjectConfigurationPlatforms) = postSolution
		{4D997535-C03C-4A11-9786-A9A16E4FCA7F}.Debug|Any CPU.ActiveCfg = Debug|Any CPU
		{4D997535-C03C-4A11-9786-A9A16E4FCA7F}.Debug|Any CPU.Build.0 = Debug|Any CPU
		{4D997535-C03C-4A11-9786-A9A16E4FCA7F}.Release|Any CPU.ActiveCfg = Release|Any CPU
		{4D997535-C03C-4A11-9786-A9A16E4FCA7F}.Release|Any CPU.Build.0 = Release|Any CPU
	EndGlobalSection
	GlobalSection(SolutionProperties) = preSolution
		HideSolutionNode = FALSE
	EndGlobalSection
EndGlobal
